// !$*UTF8*$!
{
	archiveVersion = 1;
	classes = {
	};
	objectVersion = 46;
	objects = {

/* Begin PBXBuildFile section */
		63E939E4135B88B1003E8490 /* Cocoa.framework in Frameworks */ = {isa = PBXBuildFile; fileRef = 63E939E3135B88B1003E8490 /* Cocoa.framework */; };
		63E939EE135B88B1003E8490 /* InfoPlist.strings in Resources */ = {isa = PBXBuildFile; fileRef = 63E939EC135B88B1003E8490 /* InfoPlist.strings */; };
		63E939F1135B88B1003E8490 /* main.m in Sources */ = {isa = PBXBuildFile; fileRef = 63E939F0135B88B1003E8490 /* main.m */; };
		63E939F4135B88B1003E8490 /* Credits.rtf in Resources */ = {isa = PBXBuildFile; fileRef = 63E939F2135B88B1003E8490 /* Credits.rtf */; };
		63E939FA135B88B2003E8490 /* MainMenu.xib in Resources */ = {isa = PBXBuildFile; fileRef = 63E939F8135B88B2003E8490 /* MainMenu.xib */; };
		63E93A01135B88B2003E8490 /* Cocoa.framework in Frameworks */ = {isa = PBXBuildFile; fileRef = 63E939E3135B88B1003E8490 /* Cocoa.framework */; };
		63E93A09135B88B2003E8490 /* InfoPlist.strings in Resources */ = {isa = PBXBuildFile; fileRef = 63E93A07135B88B2003E8490 /* InfoPlist.strings */; };
		63E93A0C135B88B2003E8490 /* TVRenamerTests.h in Resources */ = {isa = PBXBuildFile; fileRef = 63E93A0B135B88B2003E8490 /* TVRenamerTests.h */; };
		63E93A0E135B88B2003E8490 /* TVRenamerTests.m in Sources */ = {isa = PBXBuildFile; fileRef = 63E93A0D135B88B2003E8490 /* TVRenamerTests.m */; };
		63E93A18135B88C8003E8490 /* TVDBApi.framework in Frameworks */ = {isa = PBXBuildFile; fileRef = 63E93A17135B88C8003E8490 /* TVDBApi.framework */; };
		63E93A1A135B88DA003E8490 /* TVDBApi.framework in CopyFiles */ = {isa = PBXBuildFile; fileRef = 63E93A17135B88C8003E8490 /* TVDBApi.framework */; };
		63E93A1D135B8985003E8490 /* TVShow.m in Sources */ = {isa = PBXBuildFile; fileRef = 63E93A1C135B8985003E8490 /* TVShow.m */; };
		63E93A1F135B89C5003E8490 /* RegexKit.framework in Frameworks */ = {isa = PBXBuildFile; fileRef = 63E93A1E135B89C5003E8490 /* RegexKit.framework */; };
		63E93A20135B89CE003E8490 /* RegexKit.framework in CopyFiles */ = {isa = PBXBuildFile; fileRef = 63E93A1E135B89C5003E8490 /* RegexKit.framework */; };
		63E93A25135B8A42003E8490 /* TVRenamer.m in Sources */ = {isa = PBXBuildFile; fileRef = 63E93A22135B8A41003E8490 /* TVRenamer.m */; };
		63E93A26135B8A42003E8490 /* TVRenamerAppDelegate.m in Sources */ = {isa = PBXBuildFile; fileRef = 63E93A24135B8A41003E8490 /* TVRenamerAppDelegate.m */; };
		63E93A2B135B8B23003E8490 /* addFileImage.icns in Resources */ = {isa = PBXBuildFile; fileRef = 63E93A27135B8B23003E8490 /* addFileImage.icns */; };
		63E93A2C135B8B23003E8490 /* removeFileImage.icns in Resources */ = {isa = PBXBuildFile; fileRef = 63E93A28135B8B23003E8490 /* removeFileImage.icns */; };
		63E93A2D135B8B23003E8490 /* renameIcon.tiff in Resources */ = {isa = PBXBuildFile; fileRef = 63E93A29135B8B23003E8490 /* renameIcon.tiff */; };
		63E93A2E135B8B23003E8490 /* tv.icns in Resources */ = {isa = PBXBuildFile; fileRef = 63E93A2A135B8B23003E8490 /* tv.icns */; };
/* End PBXBuildFile section */

/* Begin PBXContainerItemProxy section */
		63E93A02135B88B2003E8490 /* PBXContainerItemProxy */ = {
			isa = PBXContainerItemProxy;
			containerPortal = 63E939D6135B88B1003E8490 /* Project object */;
			proxyType = 1;
			remoteGlobalIDString = 63E939DE135B88B1003E8490;
			remoteInfo = TVRenamer;
		};
/* End PBXContainerItemProxy section */

/* Begin PBXCopyFilesBuildPhase section */
		63E93A19135B88D4003E8490 /* CopyFiles */ = {
			isa = PBXCopyFilesBuildPhase;
			buildActionMask = 2147483647;
			dstPath = "";
			dstSubfolderSpec = 10;
			files = (
				63E93A1A135B88DA003E8490 /* TVDBApi.framework in CopyFiles */,
				63E93A20135B89CE003E8490 /* RegexKit.framework in CopyFiles */,
			);
			runOnlyForDeploymentPostprocessing = 0;
		};
/* End PBXCopyFilesBuildPhase section */

/* Begin PBXFileReference section */
		63E939DF135B88B1003E8490 /* TVRenamer.app */ = {isa = PBXFileReference; explicitFileType = wrapper.application; includeInIndex = 0; path = TVRenamer.app; sourceTree = BUILT_PRODUCTS_DIR; };
		63E939E3135B88B1003E8490 /* Cocoa.framework */ = {isa = PBXFileReference; lastKnownFileType = wrapper.framework; name = Cocoa.framework; path = System/Library/Frameworks/Cocoa.framework; sourceTree = SDKROOT; };
		63E939E6135B88B1003E8490 /* AppKit.framework */ = {isa = PBXFileReference; lastKnownFileType = wrapper.framework; name = AppKit.framework; path = System/Library/Frameworks/AppKit.framework; sourceTree = SDKROOT; };
		63E939E7135B88B1003E8490 /* CoreData.framework */ = {isa = PBXFileReference; lastKnownFileType = wrapper.framework; name = CoreData.framework; path = System/Library/Frameworks/CoreData.framework; sourceTree = SDKROOT; };
		63E939E8135B88B1003E8490 /* Foundation.framework */ = {isa = PBXFileReference; lastKnownFileType = wrapper.framework; name = Foundation.framework; path = System/Library/Frameworks/Foundation.framework; sourceTree = SDKROOT; };
		63E939EB135B88B1003E8490 /* TVRenamer-Info.plist */ = {isa = PBXFileReference; lastKnownFileType = text.plist.xml; path = "TVRenamer-Info.plist"; sourceTree = "<group>"; };
		63E939ED135B88B1003E8490 /* en */ = {isa = PBXFileReference; lastKnownFileType = text.plist.strings; name = en; path = en.lproj/InfoPlist.strings; sourceTree = "<group>"; };
		63E939EF135B88B1003E8490 /* TVRenamer-Prefix.pch */ = {isa = PBXFileReference; lastKnownFileType = sourcecode.c.h; path = "TVRenamer-Prefix.pch"; sourceTree = "<group>"; };
		63E939F0135B88B1003E8490 /* main.m */ = {isa = PBXFileReference; lastKnownFileType = sourcecode.c.objc; path = main.m; sourceTree = "<group>"; };
		63E939F3135B88B1003E8490 /* en */ = {isa = PBXFileReference; lastKnownFileType = text.rtf; name = en; path = en.lproj/Credits.rtf; sourceTree = "<group>"; };
		63E939F9135B88B2003E8490 /* en */ = {isa = PBXFileReference; lastKnownFileType = file.xib; name = en; path = en.lproj/MainMenu.xib; sourceTree = "<group>"; };
		63E93A00135B88B2003E8490 /* TVRenamerTests.octest */ = {isa = PBXFileReference; explicitFileType = wrapper.cfbundle; includeInIndex = 0; path = TVRenamerTests.octest; sourceTree = BUILT_PRODUCTS_DIR; };
		63E93A06135B88B2003E8490 /* TVRenamerTests-Info.plist */ = {isa = PBXFileReference; lastKnownFileType = text.plist.xml; path = "TVRenamerTests-Info.plist"; sourceTree = "<group>"; };
		63E93A08135B88B2003E8490 /* en */ = {isa = PBXFileReference; lastKnownFileType = text.plist.strings; name = en; path = en.lproj/InfoPlist.strings; sourceTree = "<group>"; };
		63E93A0A135B88B2003E8490 /* TVRenamerTests-Prefix.pch */ = {isa = PBXFileReference; lastKnownFileType = sourcecode.c.h; path = "TVRenamerTests-Prefix.pch"; sourceTree = "<group>"; };
		63E93A0B135B88B2003E8490 /* TVRenamerTests.h */ = {isa = PBXFileReference; lastKnownFileType = sourcecode.c.h; path = TVRenamerTests.h; sourceTree = "<group>"; };
		63E93A0D135B88B2003E8490 /* TVRenamerTests.m */ = {isa = PBXFileReference; lastKnownFileType = sourcecode.c.objc; path = TVRenamerTests.m; sourceTree = "<group>"; };
		63E93A17135B88C8003E8490 /* TVDBApi.framework */ = {isa = PBXFileReference; lastKnownFileType = wrapper.framework; path = TVDBApi.framework; sourceTree = "<group>"; };
		63E93A1B135B8984003E8490 /* TVShow.h */ = {isa = PBXFileReference; fileEncoding = 4; lastKnownFileType = sourcecode.c.h; path = TVShow.h; sourceTree = "<group>"; };
		63E93A1C135B8985003E8490 /* TVShow.m */ = {isa = PBXFileReference; fileEncoding = 4; lastKnownFileType = sourcecode.c.objc; path = TVShow.m; sourceTree = "<group>"; };
		63E93A1E135B89C5003E8490 /* RegexKit.framework */ = {isa = PBXFileReference; lastKnownFileType = wrapper.framework; path = RegexKit.framework; sourceTree = "<group>"; };
		63E93A21135B8A40003E8490 /* TVRenamer.h */ = {isa = PBXFileReference; fileEncoding = 4; lastKnownFileType = sourcecode.c.h; path = TVRenamer.h; sourceTree = "<group>"; };
		63E93A22135B8A41003E8490 /* TVRenamer.m */ = {isa = PBXFileReference; fileEncoding = 4; lastKnownFileType = sourcecode.c.objc; path = TVRenamer.m; sourceTree = "<group>"; };
		63E93A23135B8A41003E8490 /* TVRenamerAppDelegate.h */ = {isa = PBXFileReference; fileEncoding = 4; lastKnownFileType = sourcecode.c.h; path = TVRenamerAppDelegate.h; sourceTree = "<group>"; };
		63E93A24135B8A41003E8490 /* TVRenamerAppDelegate.m */ = {isa = PBXFileReference; fileEncoding = 4; lastKnownFileType = sourcecode.c.objc; path = TVRenamerAppDelegate.m; sourceTree = "<group>"; };
		63E93A27135B8B23003E8490 /* addFileImage.icns */ = {isa = PBXFileReference; lastKnownFileType = image.icns; name = addFileImage.icns; path = Resources/addFileImage.icns; sourceTree = "<group>"; };
		63E93A28135B8B23003E8490 /* removeFileImage.icns */ = {isa = PBXFileReference; lastKnownFileType = image.icns; name = removeFileImage.icns; path = Resources/removeFileImage.icns; sourceTree = "<group>"; };
		63E93A29135B8B23003E8490 /* renameIcon.tiff */ = {isa = PBXFileReference; lastKnownFileType = image.tiff; name = renameIcon.tiff; path = Resources/renameIcon.tiff; sourceTree = "<group>"; };
		63E93A2A135B8B23003E8490 /* tv.icns */ = {isa = PBXFileReference; lastKnownFileType = image.icns; name = tv.icns; path = Resources/tv.icns; sourceTree = "<group>"; };
/* End PBXFileReference section */

/* Begin PBXFrameworksBuildPhase section */
		63E939DC135B88B1003E8490 /* Frameworks */ = {
			isa = PBXFrameworksBuildPhase;
			buildActionMask = 2147483647;
			files = (
				63E939E4135B88B1003E8490 /* Cocoa.framework in Frameworks */,
				63E93A18135B88C8003E8490 /* TVDBApi.framework in Frameworks */,
				63E93A1F135B89C5003E8490 /* RegexKit.framework in Frameworks */,
			);
			runOnlyForDeploymentPostprocessing = 0;
		};
		63E939FC135B88B2003E8490 /* Frameworks */ = {
			isa = PBXFrameworksBuildPhase;
			buildActionMask = 2147483647;
			files = (
				63E93A01135B88B2003E8490 /* Cocoa.framework in Frameworks */,
			);
			runOnlyForDeploymentPostprocessing = 0;
		};
/* End PBXFrameworksBuildPhase section */

/* Begin PBXGroup section */
		63E939D4135B88B1003E8490 = {
			isa = PBXGroup;
			children = (
				63E939E9135B88B1003E8490 /* TVRenamer */,
				63E93A04135B88B2003E8490 /* TVRenamerTests */,
				63E939E2135B88B1003E8490 /* Frameworks */,
				63E939E0135B88B1003E8490 /* Products */,
			);
			sourceTree = "<group>";
		};
		63E939E0135B88B1003E8490 /* Products */ = {
			isa = PBXGroup;
			children = (
				63E939DF135B88B1003E8490 /* TVRenamer.app */,
				63E93A00135B88B2003E8490 /* TVRenamerTests.octest */,
			);
			name = Products;
			sourceTree = "<group>";
		};
		63E939E2135B88B1003E8490 /* Frameworks */ = {
			isa = PBXGroup;
			children = (
				63E93A1E135B89C5003E8490 /* RegexKit.framework */,
				63E93A17135B88C8003E8490 /* TVDBApi.framework */,
				63E939E3135B88B1003E8490 /* Cocoa.framework */,
				63E939E5135B88B1003E8490 /* Other Frameworks */,
			);
			name = Frameworks;
			sourceTree = "<group>";
		};
		63E939E5135B88B1003E8490 /* Other Frameworks */ = {
			isa = PBXGroup;
			children = (
				63E939E6135B88B1003E8490 /* AppKit.framework */,
				63E939E7135B88B1003E8490 /* CoreData.framework */,
				63E939E8135B88B1003E8490 /* Foundation.framework */,
			);
			name = "Other Frameworks";
			sourceTree = "<group>";
		};
		63E939E9135B88B1003E8490 /* TVRenamer */ = {
			isa = PBXGroup;
			children = (
				63E93A21135B8A40003E8490 /* TVRenamer.h */,
				63E93A22135B8A41003E8490 /* TVRenamer.m */,
				63E93A23135B8A41003E8490 /* TVRenamerAppDelegate.h */,
				63E93A24135B8A41003E8490 /* TVRenamerAppDelegate.m */,
				63E93A1B135B8984003E8490 /* TVShow.h */,
				63E93A1C135B8985003E8490 /* TVShow.m */,
				63E939F8135B88B2003E8490 /* MainMenu.xib */,
				63E939EA135B88B1003E8490 /* Supporting Files */,
			);
			path = TVRenamer;
			sourceTree = "<group>";
		};
		63E939EA135B88B1003E8490 /* Supporting Files */ = {
			isa = PBXGroup;
			children = (
				63E93A27135B8B23003E8490 /* addFileImage.icns */,
				63E93A28135B8B23003E8490 /* removeFileImage.icns */,
				63E93A29135B8B23003E8490 /* renameIcon.tiff */,
				63E93A2A135B8B23003E8490 /* tv.icns */,
				63E939EB135B88B1003E8490 /* TVRenamer-Info.plist */,
				63E939EC135B88B1003E8490 /* InfoPlist.strings */,
				63E939EF135B88B1003E8490 /* TVRenamer-Prefix.pch */,
				63E939F0135B88B1003E8490 /* main.m */,
				63E939F2135B88B1003E8490 /* Credits.rtf */,
			);
			name = "Supporting Files";
			sourceTree = "<group>";
		};
		63E93A04135B88B2003E8490 /* TVRenamerTests */ = {
			isa = PBXGroup;
			children = (
				63E93A0B135B88B2003E8490 /* TVRenamerTests.h */,
				63E93A0D135B88B2003E8490 /* TVRenamerTests.m */,
				63E93A05135B88B2003E8490 /* Supporting Files */,
			);
			path = TVRenamerTests;
			sourceTree = "<group>";
		};
		63E93A05135B88B2003E8490 /* Supporting Files */ = {
			isa = PBXGroup;
			children = (
				63E93A06135B88B2003E8490 /* TVRenamerTests-Info.plist */,
				63E93A07135B88B2003E8490 /* InfoPlist.strings */,
				63E93A0A135B88B2003E8490 /* TVRenamerTests-Prefix.pch */,
			);
			name = "Supporting Files";
			sourceTree = "<group>";
		};
/* End PBXGroup section */

/* Begin PBXNativeTarget section */
		63E939DE135B88B1003E8490 /* TVRenamer */ = {
			isa = PBXNativeTarget;
			buildConfigurationList = 63E93A11135B88B2003E8490 /* Build configuration list for PBXNativeTarget "TVRenamer" */;
			buildPhases = (
				63E939DB135B88B1003E8490 /* Sources */,
				63E939DC135B88B1003E8490 /* Frameworks */,
				63E939DD135B88B1003E8490 /* Resources */,
				63E93A19135B88D4003E8490 /* CopyFiles */,
			);
			buildRules = (
			);
			dependencies = (
			);
			name = TVRenamer;
			productName = TVRenamer;
			productReference = 63E939DF135B88B1003E8490 /* TVRenamer.app */;
			productType = "com.apple.product-type.application";
		};
		63E939FF135B88B2003E8490 /* TVRenamerTests */ = {
			isa = PBXNativeTarget;
			buildConfigurationList = 63E93A14135B88B2003E8490 /* Build configuration list for PBXNativeTarget "TVRenamerTests" */;
			buildPhases = (
				63E939FB135B88B2003E8490 /* Sources */,
				63E939FC135B88B2003E8490 /* Frameworks */,
				63E939FD135B88B2003E8490 /* Resources */,
				63E939FE135B88B2003E8490 /* ShellScript */,
			);
			buildRules = (
			);
			dependencies = (
				63E93A03135B88B2003E8490 /* PBXTargetDependency */,
			);
			name = TVRenamerTests;
			productName = TVRenamerTests;
			productReference = 63E93A00135B88B2003E8490 /* TVRenamerTests.octest */;
			productType = "com.apple.product-type.bundle";
		};
/* End PBXNativeTarget section */

/* Begin PBXProject section */
		63E939D6135B88B1003E8490 /* Project object */ = {
			isa = PBXProject;
			attributes = {
				ORGANIZATIONNAME = "Rochester Institute of Technology";
			};
			buildConfigurationList = 63E939D9135B88B1003E8490 /* Build configuration list for PBXProject "TVRenamer" */;
			compatibilityVersion = "Xcode 3.2";
			developmentRegion = English;
			hasScannedForEncodings = 0;
			knownRegions = (
				en,
			);
			mainGroup = 63E939D4135B88B1003E8490;
			productRefGroup = 63E939E0135B88B1003E8490 /* Products */;
			projectDirPath = "";
			projectRoot = "";
			targets = (
				63E939DE135B88B1003E8490 /* TVRenamer */,
				63E939FF135B88B2003E8490 /* TVRenamerTests */,
			);
		};
/* End PBXProject section */

/* Begin PBXResourcesBuildPhase section */
		63E939DD135B88B1003E8490 /* Resources */ = {
			isa = PBXResourcesBuildPhase;
			buildActionMask = 2147483647;
			files = (
				63E939EE135B88B1003E8490 /* InfoPlist.strings in Resources */,
				63E939F4135B88B1003E8490 /* Credits.rtf in Resources */,
				63E939FA135B88B2003E8490 /* MainMenu.xib in Resources */,
				63E93A2B135B8B23003E8490 /* addFileImage.icns in Resources */,
				63E93A2C135B8B23003E8490 /* removeFileImage.icns in Resources */,
				63E93A2D135B8B23003E8490 /* renameIcon.tiff in Resources */,
				63E93A2E135B8B23003E8490 /* tv.icns in Resources */,
			);
			runOnlyForDeploymentPostprocessing = 0;
		};
		63E939FD135B88B2003E8490 /* Resources */ = {
			isa = PBXResourcesBuildPhase;
			buildActionMask = 2147483647;
			files = (
				63E93A09135B88B2003E8490 /* InfoPlist.strings in Resources */,
				63E93A0C135B88B2003E8490 /* TVRenamerTests.h in Resources */,
			);
			runOnlyForDeploymentPostprocessing = 0;
		};
/* End PBXResourcesBuildPhase section */

/* Begin PBXShellScriptBuildPhase section */
		63E939FE135B88B2003E8490 /* ShellScript */ = {
			isa = PBXShellScriptBuildPhase;
			buildActionMask = 2147483647;
			files = (
			);
			inputPaths = (
			);
			outputPaths = (
			);
			runOnlyForDeploymentPostprocessing = 0;
			shellPath = /bin/sh;
			shellScript = "# Run the unit tests in this test bundle.\n\"${SYSTEM_DEVELOPER_DIR}/Tools/RunUnitTests\"\n";
		};
/* End PBXShellScriptBuildPhase section */

/* Begin PBXSourcesBuildPhase section */
		63E939DB135B88B1003E8490 /* Sources */ = {
			isa = PBXSourcesBuildPhase;
			buildActionMask = 2147483647;
			files = (
				63E939F1135B88B1003E8490 /* main.m in Sources */,
				63E93A1D135B8985003E8490 /* TVShow.m in Sources */,
				63E93A25135B8A42003E8490 /* TVRenamer.m in Sources */,
				63E93A26135B8A42003E8490 /* TVRenamerAppDelegate.m in Sources */,
			);
			runOnlyForDeploymentPostprocessing = 0;
		};
		63E939FB135B88B2003E8490 /* Sources */ = {
			isa = PBXSourcesBuildPhase;
			buildActionMask = 2147483647;
			files = (
				63E93A0E135B88B2003E8490 /* TVRenamerTests.m in Sources */,
			);
			runOnlyForDeploymentPostprocessing = 0;
		};
/* End PBXSourcesBuildPhase section */

/* Begin PBXTargetDependency section */
		63E93A03135B88B2003E8490 /* PBXTargetDependency */ = {
			isa = PBXTargetDependency;
			target = 63E939DE135B88B1003E8490 /* TVRenamer */;
			targetProxy = 63E93A02135B88B2003E8490 /* PBXContainerItemProxy */;
		};
/* End PBXTargetDependency section */

/* Begin PBXVariantGroup section */
		63E939EC135B88B1003E8490 /* InfoPlist.strings */ = {
			isa = PBXVariantGroup;
			children = (
				63E939ED135B88B1003E8490 /* en */,
			);
			name = InfoPlist.strings;
			sourceTree = "<group>";
		};
		63E939F2135B88B1003E8490 /* Credits.rtf */ = {
			isa = PBXVariantGroup;
			children = (
				63E939F3135B88B1003E8490 /* en */,
			);
			name = Credits.rtf;
			sourceTree = "<group>";
		};
		63E939F8135B88B2003E8490 /* MainMenu.xib */ = {
			isa = PBXVariantGroup;
			children = (
				63E939F9135B88B2003E8490 /* en */,
			);
			name = MainMenu.xib;
			sourceTree = "<group>";
		};
		63E93A07135B88B2003E8490 /* InfoPlist.strings */ = {
			isa = PBXVariantGroup;
			children = (
				63E93A08135B88B2003E8490 /* en */,
			);
			name = InfoPlist.strings;
			sourceTree = "<group>";
		};
/* End PBXVariantGroup section */

/* Begin XCBuildConfiguration section */
		63E93A0F135B88B2003E8490 /* Debug */ = {
			isa = XCBuildConfiguration;
			buildSettings = {
				ARCHS = "$(ARCHS_STANDARD_32_64_BIT)";
				GCC_C_LANGUAGE_STANDARD = gnu99;
				GCC_OPTIMIZATION_LEVEL = 0;
				GCC_PREPROCESSOR_DEFINITIONS = DEBUG;
				GCC_SYMBOLS_PRIVATE_EXTERN = NO;
				GCC_VERSION = com.apple.compilers.llvm.clang.1_0;
				GCC_WARN_64_TO_32_BIT_CONVERSION = YES;
				GCC_WARN_ABOUT_RETURN_TYPE = YES;
				GCC_WARN_UNUSED_VARIABLE = YES;
				MACOSX_DEPLOYMENT_TARGET = 10.6;
				ONLY_ACTIVE_ARCH = YES;
				SDKROOT = macosx;
			};
			name = Debug;
		};
		63E93A10135B88B2003E8490 /* Release */ = {
			isa = XCBuildConfiguration;
			buildSettings = {
				ARCHS = "$(ARCHS_STANDARD_32_64_BIT)";
				GCC_C_LANGUAGE_STANDARD = gnu99;
				GCC_VERSION = com.apple.compilers.llvm.clang.1_0;
				GCC_WARN_64_TO_32_BIT_CONVERSION = YES;
				GCC_WARN_ABOUT_RETURN_TYPE = YES;
				GCC_WARN_UNUSED_VARIABLE = YES;
				MACOSX_DEPLOYMENT_TARGET = 10.6;
				SDKROOT = macosx;
			};
			name = Release;
		};
		63E93A12135B88B2003E8490 /* Debug */ = {
			isa = XCBuildConfiguration;
			buildSettings = {
				ALWAYS_SEARCH_USER_PATHS = NO;
				COPY_PHASE_STRIP = NO;
				FRAMEWORK_SEARCH_PATHS = (
					"$(inherited)",
					"\"$(SRCROOT)\"",
				);
				GCC_DYNAMIC_NO_PIC = NO;
				GCC_ENABLE_OBJC_EXCEPTIONS = YES;
				GCC_PRECOMPILE_PREFIX_HEADER = YES;
				GCC_PREFIX_HEADER = "TVRenamer/TVRenamer-Prefix.pch";
				INFOPLIST_FILE = "TVRenamer/TVRenamer-Info.plist";
				PRODUCT_NAME = "$(TARGET_NAME)";
				WRAPPER_EXTENSION = app;
			};
			name = Debug;
		};
		63E93A13135B88B2003E8490 /* Release */ = {
			isa = XCBuildConfiguration;
			buildSettings = {
				ALWAYS_SEARCH_USER_PATHS = NO;
				COPY_PHASE_STRIP = YES;
				DEBUG_INFORMATION_FORMAT = "dwarf-with-dsym";
				FRAMEWORK_SEARCH_PATHS = (
					"$(inherited)",
					"\"$(SRCROOT)\"",
				);
				GCC_ENABLE_OBJC_EXCEPTIONS = YES;
				GCC_PRECOMPILE_PREFIX_HEADER = YES;
				GCC_PREFIX_HEADER = "TVRenamer/TVRenamer-Prefix.pch";
				INFOPLIST_FILE = "TVRenamer/TVRenamer-Info.plist";
				PRODUCT_NAME = "$(TARGET_NAME)";
				WRAPPER_EXTENSION = app;
			};
			name = Release;
		};
		63E93A15135B88B2003E8490 /* Debug */ = {
			isa = XCBuildConfiguration;
			buildSettings = {
				ALWAYS_SEARCH_USER_PATHS = NO;
				BUNDLE_LOADER = "$(BUILT_PRODUCTS_DIR)/TVRenamer.app/Contents/MacOS/TVRenamer";
				COPY_PHASE_STRIP = NO;
				FRAMEWORK_SEARCH_PATHS = "$(DEVELOPER_LIBRARY_DIR)/Frameworks";
				GCC_DYNAMIC_NO_PIC = NO;
				GCC_ENABLE_OBJC_EXCEPTIONS = YES;
				GCC_PRECOMPILE_PREFIX_HEADER = YES;
				GCC_PREFIX_HEADER = "TVRenamerTests/TVRenamerTests-Prefix.pch";
				INFOPLIST_FILE = "TVRenamerTests/TVRenamerTests-Info.plist";
				OTHER_LDFLAGS = (
					"-framework",
					SenTestingKit,
				);
				PRODUCT_NAME = "$(TARGET_NAME)";
				TEST_HOST = "$(BUNDLE_LOADER)";
				WRAPPER_EXTENSION = octest;
			};
			name = Debug;
		};
		63E93A16135B88B2003E8490 /* Release */ = {
			isa = XCBuildConfiguration;
			buildSettings = {
				ALWAYS_SEARCH_USER_PATHS = NO;
				BUNDLE_LOADER = "$(BUILT_PRODUCTS_DIR)/TVRenamer.app/Contents/MacOS/TVRenamer";
				COPY_PHASE_STRIP = YES;
				DEBUG_INFORMATION_FORMAT = "dwarf-with-dsym";
				FRAMEWORK_SEARCH_PATHS = "$(DEVELOPER_LIBRARY_DIR)/Frameworks";
				GCC_ENABLE_OBJC_EXCEPTIONS = YES;
				GCC_PRECOMPILE_PREFIX_HEADER = YES;
				GCC_PREFIX_HEADER = "TVRenamerTests/TVRenamerTests-Prefix.pch";
				INFOPLIST_FILE = "TVRenamerTests/TVRenamerTests-Info.plist";
				OTHER_LDFLAGS = (
					"-framework",
					SenTestingKit,
				);
				PRODUCT_NAME = "$(TARGET_NAME)";
				TEST_HOST = "$(BUNDLE_LOADER)";
				WRAPPER_EXTENSION = octest;
			};
			name = Release;
		};
/* End XCBuildConfiguration section */

/* Begin XCConfigurationList section */
		63E939D9135B88B1003E8490 /* Build configuration list for PBXProject "TVRenamer" */ = {
			isa = XCConfigurationList;
			buildConfigurations = (
				63E93A0F135B88B2003E8490 /* Debug */,
				63E93A10135B88B2003E8490 /* Release */,
			);
			defaultConfigurationIsVisible = 0;
			defaultConfigurationName = Release;
		};
		63E93A11135B88B2003E8490 /* Build configuration list for PBXNativeTarget "TVRenamer" */ = {
			isa = XCConfigurationList;
			buildConfigurations = (
				63E93A12135B88B2003E8490 /* Debug */,
				63E93A13135B88B2003E8490 /* Release */,
			);
			defaultConfigurationIsVisible = 0;
		};
		63E93A14135B88B2003E8490 /* Build configuration list for PBXNativeTarget "TVRenamerTests" */ = {
			isa = XCConfigurationList;
			buildConfigurations = (
				63E93A15135B88B2003E8490 /* Debug */,
				63E93A16135B88B2003E8490 /* Release */,
			);
			defaultConfigurationIsVisible = 0;
		};
/* End XCConfigurationList section */
	};
	rootObject = 63E939D6135B88B1003E8490 /* Project object */;
}
